
Microsoft Visual Studio Solution File, Format Version 12.00
# Visual Studio Version 17
VisualStudioVersion = 17.3.32922.545
MinimumVisualStudioVersion = 10.0.40219.1
Project("{9A19103F-16F7-4668-BE54-9A1E7A4F7556}") = "FinanceModule", "FinanceModule\FinanceModule.csproj", "{C7C6DAC4-041F-45C6-9237-064CEF0C51F9}"
EndProject
Project("{FAE04EC0-301F-11D3-BF4B-00C04F79EFBC}") = "FinanceModuleTester", "FinanceModuleTester\FinanceModuleTester.csproj", "{C223CA38-2898-4A69-BF03-69AAC70E683E}"
EndProject
Project("{9A19103F-16F7-4668-BE54-9A1E7A4F7556}") = "Yahoo.Finance", "Yahoo.Finance\Yahoo.Finance.csproj", "{2EDE805B-A772-429A-ABB7-88813394AEA6}"
EndProject
Project("{9A19103F-16F7-4668-BE54-9A1E7A4F7556}") = "Fynance", "..\Fynance\src\Fynance\Fynance.csproj", "{9B499343-4E1E-4D39-9E2C-718D6673710F}"
EndProject
Global
	GlobalSection(SolutionConfigurationPlatforms) = preSolution
		Debug|Any CPU = Debug|Any CPU
		Debug|ARM = Debug|ARM
		Debug|ARM64 = Debug|ARM64
		Debug|x64 = Debug|x64
		Debug|x86 = Debug|x86
		Release|Any CPU = Release|Any CPU
		Release|ARM = Release|ARM
		Release|ARM64 = Release|ARM64
		Release|x64 = Release|x64
		Release|x86 = Release|x86
	EndGlobalSection
	GlobalSection(ProjectConfigurationPlatforms) = postSolution
		{C7C6DAC4-041F-45C6-9237-064CEF0C51F9}.Debug|Any CPU.ActiveCfg = Debug|Any CPU
		{C7C6DAC4-041F-45C6-9237-064CEF0C51F9}.Debug|Any CPU.Build.0 = Debug|Any CPU
		{C7C6DAC4-041F-45C6-9237-064CEF0C51F9}.Debug|ARM.ActiveCfg = Debug|Any CPU
		{C7C6DAC4-041F-45C6-9237-064CEF0C51F9}.Debug|ARM.Build.0 = Debug|Any CPU
		{C7C6DAC4-041F-45C6-9237-064CEF0C51F9}.Debug|ARM64.ActiveCfg = Debug|Any CPU
		{C7C6DAC4-041F-45C6-9237-064CEF0C51F9}.Debug|ARM64.Build.0 = Debug|Any CPU
		{C7C6DAC4-041F-45C6-9237-064CEF0C51F9}.Debug|x64.ActiveCfg = Debug|Any CPU
		{C7C6DAC4-041F-45C6-9237-064CEF0C51F9}.Debug|x64.Build.0 = Debug|Any CPU
		{C7C6DAC4-041F-45C6-9237-064CEF0C51F9}.Debug|x86.ActiveCfg = Debug|Any CPU
		{C7C6DAC4-041F-45C6-9237-064CEF0C51F9}.Debug|x86.Build.0 = Debug|Any CPU
		{C7C6DAC4-041F-45C6-9237-064CEF0C51F9}.Release|Any CPU.ActiveCfg = Release|Any CPU
		{C7C6DAC4-041F-45C6-9237-064CEF0C51F9}.Release|Any CPU.Build.0 = Release|Any CPU
		{C7C6DAC4-041F-45C6-9237-064CEF0C51F9}.Release|ARM.ActiveCfg = Release|Any CPU
		{C7C6DAC4-041F-45C6-9237-064CEF0C51F9}.Release|ARM.Build.0 = Release|Any CPU
		{C7C6DAC4-041F-45C6-9237-064CEF0C51F9}.Release|ARM64.ActiveCfg = Release|Any CPU
		{C7C6DAC4-041F-45C6-9237-064CEF0C51F9}.Release|ARM64.Build.0 = Release|Any CPU
		{C7C6DAC4-041F-45C6-9237-064CEF0C51F9}.Release|x64.ActiveCfg = Release|Any CPU
		{C7C6DAC4-041F-45C6-9237-064CEF0C51F9}.Release|x64.Build.0 = Release|Any CPU
		{C7C6DAC4-041F-45C6-9237-064CEF0C51F9}.Release|x86.ActiveCfg = Release|Any CPU
		{C7C6DAC4-041F-45C6-9237-064CEF0C51F9}.Release|x86.Build.0 = Release|Any CPU
		{C223CA38-2898-4A69-BF03-69AAC70E683E}.Debug|Any CPU.ActiveCfg = Debug|Any CPU
		{C223CA38-2898-4A69-BF03-69AAC70E683E}.Debug|Any CPU.Build.0 = Debug|Any CPU
		{C223CA38-2898-4A69-BF03-69AAC70E683E}.Debug|ARM.ActiveCfg = Debug|Any CPU
		{C223CA38-2898-4A69-BF03-69AAC70E683E}.Debug|ARM.Build.0 = Debug|Any CPU
		{C223CA38-2898-4A69-BF03-69AAC70E683E}.Debug|ARM64.ActiveCfg = Debug|Any CPU
		{C223CA38-2898-4A69-BF03-69AAC70E683E}.Debug|ARM64.Build.0 = Debug|Any CPU
		{C223CA38-2898-4A69-BF03-69AAC70E683E}.Debug|x64.ActiveCfg = Debug|Any CPU
		{C223CA38-2898-4A69-BF03-69AAC70E683E}.Debug|x64.Build.0 = Debug|Any CPU
		{C223CA38-2898-4A69-BF03-69AAC70E683E}.Debug|x86.ActiveCfg = Debug|Any CPU
		{C223CA38-2898-4A69-BF03-69AAC70E683E}.Debug|x86.Build.0 = Debug|Any CPU
		{C223CA38-2898-4A69-BF03-69AAC70E683E}.Release|Any CPU.ActiveCfg = Release|Any CPU
		{C223CA38-2898-4A69-BF03-69AAC70E683E}.Release|Any CPU.Build.0 = Release|Any CPU
		{C223CA38-2898-4A69-BF03-69AAC70E683E}.Release|ARM.ActiveCfg = Release|Any CPU
		{C223CA38-2898-4A69-BF03-69AAC70E683E}.Release|ARM.Build.0 = Release|Any CPU
		{C223CA38-2898-4A69-BF03-69AAC70E683E}.Release|ARM64.ActiveCfg = Release|Any CPU
		{C223CA38-2898-4A69-BF03-69AAC70E683E}.Release|ARM64.Build.0 = Release|Any CPU
		{C223CA38-2898-4A69-BF03-69AAC70E683E}.Release|x64.ActiveCfg = Release|Any CPU
		{C223CA38-2898-4A69-BF03-69AAC70E683E}.Release|x64.Build.0 = Release|Any CPU
		{C223CA38-2898-4A69-BF03-69AAC70E683E}.Release|x86.ActiveCfg = Release|Any CPU
		{C223CA38-2898-4A69-BF03-69AAC70E683E}.Release|x86.Build.0 = Release|Any CPU
		{2EDE805B-A772-429A-ABB7-88813394AEA6}.Debug|Any CPU.ActiveCfg = Debug|Any CPU
		{2EDE805B-A772-429A-ABB7-88813394AEA6}.Debug|Any CPU.Build.0 = Debug|Any CPU
		{2EDE805B-A772-429A-ABB7-88813394AEA6}.Debug|ARM.ActiveCfg = Debug|Any CPU
		{2EDE805B-A772-429A-ABB7-88813394AEA6}.Debug|ARM.Build.0 = Debug|Any CPU
		{2EDE805B-A772-429A-ABB7-88813394AEA6}.Debug|ARM64.ActiveCfg = Debug|Any CPU
		{2EDE805B-A772-429A-ABB7-88813394AEA6}.Debug|ARM64.Build.0 = Debug|Any CPU
		{2EDE805B-A772-429A-ABB7-88813394AEA6}.Debug|x64.ActiveCfg = Debug|Any CPU
		{2EDE805B-A772-429A-ABB7-88813394AEA6}.Debug|x64.Build.0 = Debug|Any CPU
		{2EDE805B-A772-429A-ABB7-88813394AEA6}.Debug|x86.ActiveCfg = Debug|Any CPU
		{2EDE805B-A772-429A-ABB7-88813394AEA6}.Debug|x86.Build.0 = Debug|Any CPU
		{2EDE805B-A772-429A-ABB7-88813394AEA6}.Release|Any CPU.ActiveCfg = Release|Any CPU
		{2EDE805B-A772-429A-ABB7-88813394AEA6}.Release|Any CPU.Build.0 = Release|Any CPU
		{2EDE805B-A772-429A-ABB7-88813394AEA6}.Release|ARM.ActiveCfg = Release|Any CPU
		{2EDE805B-A772-429A-ABB7-88813394AEA6}.Release|ARM.Build.0 = Release|Any CPU
		{2EDE805B-A772-429A-ABB7-88813394AEA6}.Release|ARM64.ActiveCfg = Release|Any CPU
		{2EDE805B-A772-429A-ABB7-88813394AEA6}.Release|ARM64.Build.0 = Release|Any CPU
		{2EDE805B-A772-429A-ABB7-88813394AEA6}.Release|x64.ActiveCfg = Release|Any CPU
		{2EDE805B-A772-429A-ABB7-88813394AEA6}.Release|x64.Build.0 = Release|Any CPU
		{2EDE805B-A772-429A-ABB7-88813394AEA6}.Release|x86.ActiveCfg = Release|Any CPU
		{2EDE805B-A772-429A-ABB7-88813394AEA6}.Release|x86.Build.0 = Release|Any CPU
		{9B499343-4E1E-4D39-9E2C-718D6673710F}.Debug|Any CPU.ActiveCfg = Debug|Any CPU
		{9B499343-4E1E-4D39-9E2C-718D6673710F}.Debug|Any CPU.Build.0 = Debug|Any CPU
		{9B499343-4E1E-4D39-9E2C-718D6673710F}.Debug|ARM.ActiveCfg = Debug|Any CPU
		{9B499343-4E1E-4D39-9E2C-718D6673710F}.Debug|ARM.Build.0 = Debug|Any CPU
		{9B499343-4E1E-4D39-9E2C-718D6673710F}.Debug|ARM64.ActiveCfg = Debug|Any CPU
		{9B499343-4E1E-4D39-9E2C-718D6673710F}.Debug|ARM64.Build.0 = Debug|Any CPU
		{9B499343-4E1E-4D39-9E2C-718D6673710F}.Debug|x64.ActiveCfg = Debug|Any CPU
		{9B499343-4E1E-4D39-9E2C-718D6673710F}.Debug|x64.Build.0 = Debug|Any CPU
		{9B499343-4E1E-4D39-9E2C-718D6673710F}.Debug|x86.ActiveCfg = Debug|Any CPU
		{9B499343-4E1E-4D39-9E2C-718D6673710F}.Debug|x86.Build.0 = Debug|Any CPU
		{9B499343-4E1E-4D39-9E2C-718D6673710F}.Release|Any CPU.ActiveCfg = Release|Any CPU
		{9B499343-4E1E-4D39-9E2C-718D6673710F}.Release|Any CPU.Build.0 = Release|Any CPU
		{9B499343-4E1E-4D39-9E2C-718D6673710F}.Release|ARM.ActiveCfg = Release|Any CPU
		{9B499343-4E1E-4D39-9E2C-718D6673710F}.Release|ARM.Build.0 = Release|Any CPU
		{9B499343-4E1E-4D39-9E2C-718D6673710F}.Release|ARM64.ActiveCfg = Release|Any CPU
		{9B499343-4E1E-4D39-9E2C-718D6673710F}.Release|ARM64.Build.0 = Release|Any CPU
		{9B499343-4E1E-4D39-9E2C-718D6673710F}.Release|x64.ActiveCfg = Release|Any CPU
		{9B499343-4E1E-4D39-9E2C-718D6673710F}.Release|x64.Build.0 = Release|Any CPU
		{9B499343-4E1E-4D39-9E2C-718D6673710F}.Release|x86.ActiveCfg = Release|Any CPU
		{9B499343-4E1E-4D39-9E2C-718D6673710F}.Release|x86.Build.0 = Release|Any CPU
	EndGlobalSection
	GlobalSection(SolutionProperties) = preSolution
		HideSolutionNode = FALSE
	EndGlobalSection
	GlobalSection(ExtensibilityGlobals) = postSolution
		SolutionGuid = {9A86D91B-99C7-44B3-9893-BD4AE804DE8C}
	EndGlobalSection
EndGlobal
